
Microsoft Visual Studio Solution File, Format Version 12.00
# Visual Studio Version 17
VisualStudioVersion = 17.9.34607.119
MinimumVisualStudioVersion = 10.0.40219.1
Project("{FAE04EC0-301F-11D3-BF4B-00C04F79EFBC}") = "Lab_1", "Lab_1\Lab_1.csproj", "{5411450E-436C-4076-9D3E-B4E3DC782847}"
EndProject
Global
	GlobalSection(SolutionConfigurationPlatforms) = preSolution
		Debug|Any CPU = Debug|Any CPU
		Release|Any CPU = Release|Any CPU
	EndGlobalSection
	GlobalSection(ProjectConfigurationPlatforms) = postSolution
		{5411450E-436C-4076-9D3E-B4E3DC782847}.Debug|Any CPU.ActiveCfg = Debug|Any CPU
		{5411450E-436C-4076-9D3E-B4E3DC782847}.Debug|Any CPU.Build.0 = Debug|Any CPU
		{5411450E-436C-4076-9D3E-B4E3DC782847}.Release|Any CPU.ActiveCfg = Release|Any CPU
		{5411450E-436C-4076-9D3E-B4E3DC782847}.Release|Any CPU.Build.0 = Release|Any CPU
	EndGlobalSection
	GlobalSection(SolutionProperties) = preSolution
		HideSolutionNode = FALSE
	EndGlobalSection
	GlobalSection(ExtensibilityGlobals) = postSolution
		SolutionGuid = {45CBAE83-3F12-4A06-9D59-A1A12756634B}
	EndGlobalSection
EndGlobal
